
Microsoft Visual Studio Solution File, Format Version 12.00
# Visual Studio Version 17
VisualStudioVersion = 17.10.34928.147
MinimumVisualStudioVersion = 10.0.40219.1
Project("{FAE04EC0-301F-11D3-BF4B-00C04F79EFBC}") = "EngEKatalog.WEB", "EngEKatalog\EngEKatalog.WEB.csproj", "{56A8A461-30D3-4EB4-8994-50D557000E05}"
EndProject
Project("{FAE04EC0-301F-11D3-BF4B-00C04F79EFBC}") = "EngEKatalog.API", "EngEKatalog.API\EngEKatalog.API.csproj", "{637B6FA4-B2E3-4C39-9B30-697A2F43AE0F}"
EndProject
Project("{FAE04EC0-301F-11D3-BF4B-00C04F79EFBC}") = "EngEKatalog.Core", "EngEKatalog.Core\EngEKatalog.Core.csproj", "{3C08BF83-666E-4FC4-9F84-CE49B7A9A8C4}"
EndProject
Global
	GlobalSection(SolutionConfigurationPlatforms) = preSolution
		Debug|Any CPU = Debug|Any CPU
		Release|Any CPU = Release|Any CPU
	EndGlobalSection
	GlobalSection(ProjectConfigurationPlatforms) = postSolution
		{56A8A461-30D3-4EB4-8994-50D557000E05}.Debug|Any CPU.ActiveCfg = Debug|Any CPU
		{56A8A461-30D3-4EB4-8994-50D557000E05}.Debug|Any CPU.Build.0 = Debug|Any CPU
		{56A8A461-30D3-4EB4-8994-50D557000E05}.Release|Any CPU.ActiveCfg = Release|Any CPU
		{56A8A461-30D3-4EB4-8994-50D557000E05}.Release|Any CPU.Build.0 = Release|Any CPU
		{637B6FA4-B2E3-4C39-9B30-697A2F43AE0F}.Debug|Any CPU.ActiveCfg = Debug|Any CPU
		{637B6FA4-B2E3-4C39-9B30-697A2F43AE0F}.Debug|Any CPU.Build.0 = Debug|Any CPU
		{637B6FA4-B2E3-4C39-9B30-697A2F43AE0F}.Release|Any CPU.ActiveCfg = Release|Any CPU
		{637B6FA4-B2E3-4C39-9B30-697A2F43AE0F}.Release|Any CPU.Build.0 = Release|Any CPU
		{3C08BF83-666E-4FC4-9F84-CE49B7A9A8C4}.Debug|Any CPU.ActiveCfg = Debug|Any CPU
		{3C08BF83-666E-4FC4-9F84-CE49B7A9A8C4}.Debug|Any CPU.Build.0 = Debug|Any CPU
		{3C08BF83-666E-4FC4-9F84-CE49B7A9A8C4}.Release|Any CPU.ActiveCfg = Release|Any CPU
		{3C08BF83-666E-4FC4-9F84-CE49B7A9A8C4}.Release|Any CPU.Build.0 = Release|Any CPU
	EndGlobalSection
	GlobalSection(SolutionProperties) = preSolution
		HideSolutionNode = FALSE
	EndGlobalSection
	GlobalSection(ExtensibilityGlobals) = postSolution
		SolutionGuid = {49DA5A96-A327-44F4-81B3-247121D9611B}
	EndGlobalSection
EndGlobal
